// !$*UTF8*$!
{
	archiveVersion = 1;
	classes = {
	};
	objectVersion = 50;
	objects = {

/* Begin PBXBuildFile section */
		04EF46A325CAEEC200FEE875 /* AppDelegate.swift in Sources */ = {isa = PBXBuildFile; fileRef = 04EF46A225CAEEC200FEE875 /* AppDelegate.swift */; };
		04EF46A525CAEEC200FEE875 /* SceneDelegate.swift in Sources */ = {isa = PBXBuildFile; fileRef = 04EF46A425CAEEC200FEE875 /* SceneDelegate.swift */; };
		04EF46A725CAEEC200FEE875 /* ViewController.swift in Sources */ = {isa = PBXBuildFile; fileRef = 04EF46A625CAEEC200FEE875 /* ViewController.swift */; };
		04EF46AA25CAEEC200FEE875 /* Main.storyboard in Resources */ = {isa = PBXBuildFile; fileRef = 04EF46A825CAEEC200FEE875 /* Main.storyboard */; };
		04EF46AC25CAEEC300FEE875 /* Assets.xcassets in Resources */ = {isa = PBXBuildFile; fileRef = 04EF46AB25CAEEC300FEE875 /* Assets.xcassets */; };
		04EF46AF25CAEEC300FEE875 /* LaunchScreen.storyboard in Resources */ = {isa = PBXBuildFile; fileRef = 04EF46AD25CAEEC300FEE875 /* LaunchScreen.storyboard */; };
		04EF46BA25CAEEC300FEE875 /* CICD2Tests.swift in Sources */ = {isa = PBXBuildFile; fileRef = 04EF46B925CAEEC300FEE875 /* CICD2Tests.swift */; };
		04EF46C525CAEEC300FEE875 /* CICD2UITests.swift in Sources */ = {isa = PBXBuildFile; fileRef = 04EF46C425CAEEC300FEE875 /* CICD2UITests.swift */; };
/* End PBXBuildFile section */

/* Begin PBXContainerItemProxy section */
		04EF46B625CAEEC300FEE875 /* PBXContainerItemProxy */ = {
			isa = PBXContainerItemProxy;
			containerPortal = 04EF469725CAEEC200FEE875 /* Project object */;
			proxyType = 1;
			remoteGlobalIDString = 04EF469E25CAEEC200FEE875;
			remoteInfo = CICD2;
		};
		04EF46C125CAEEC300FEE875 /* PBXContainerItemProxy */ = {
			isa = PBXContainerItemProxy;
			containerPortal = 04EF469725CAEEC200FEE875 /* Project object */;
			proxyType = 1;
			remoteGlobalIDString = 04EF469E25CAEEC200FEE875;
			remoteInfo = CICD2;
		};
/* End PBXContainerItemProxy section */

/* Begin PBXFileReference section */
		04EF469F25CAEEC200FEE875 /* CICD2.app */ = {isa = PBXFileReference; explicitFileType = wrapper.application; includeInIndex = 0; path = CICD2.app; sourceTree = BUILT_PRODUCTS_DIR; };
		04EF46A225CAEEC200FEE875 /* AppDelegate.swift */ = {isa = PBXFileReference; lastKnownFileType = sourcecode.swift; path = AppDelegate.swift; sourceTree = "<group>"; };
		04EF46A425CAEEC200FEE875 /* SceneDelegate.swift */ = {isa = PBXFileReference; lastKnownFileType = sourcecode.swift; path = SceneDelegate.swift; sourceTree = "<group>"; };
		04EF46A625CAEEC200FEE875 /* ViewController.swift */ = {isa = PBXFileReference; lastKnownFileType = sourcecode.swift; path = ViewController.swift; sourceTree = "<group>"; };
		04EF46A925CAEEC200FEE875 /* Base */ = {isa = PBXFileReference; lastKnownFileType = file.storyboard; name = Base; path = Base.lproj/Main.storyboard; sourceTree = "<group>"; };
		04EF46AB25CAEEC300FEE875 /* Assets.xcassets */ = {isa = PBXFileReference; lastKnownFileType = folder.assetcatalog; path = Assets.xcassets; sourceTree = "<group>"; };
		04EF46AE25CAEEC300FEE875 /* Base */ = {isa = PBXFileReference; lastKnownFileType = file.storyboard; name = Base; path = Base.lproj/LaunchScreen.storyboard; sourceTree = "<group>"; };
		04EF46B025CAEEC300FEE875 /* Info.plist */ = {isa = PBXFileReference; lastKnownFileType = text.plist.xml; path = Info.plist; sourceTree = "<group>"; };
		04EF46B525CAEEC300FEE875 /* CICD2Tests.xctest */ = {isa = PBXFileReference; explicitFileType = wrapper.cfbundle; includeInIndex = 0; path = CICD2Tests.xctest; sourceTree = BUILT_PRODUCTS_DIR; };
		04EF46B925CAEEC300FEE875 /* CICD2Tests.swift */ = {isa = PBXFileReference; lastKnownFileType = sourcecode.swift; path = CICD2Tests.swift; sourceTree = "<group>"; };
		04EF46BB25CAEEC300FEE875 /* Info.plist */ = {isa = PBXFileReference; lastKnownFileType = text.plist.xml; path = Info.plist; sourceTree = "<group>"; };
		04EF46C025CAEEC300FEE875 /* CICD2UITests.xctest */ = {isa = PBXFileReference; explicitFileType = wrapper.cfbundle; includeInIndex = 0; path = CICD2UITests.xctest; sourceTree = BUILT_PRODUCTS_DIR; };
		04EF46C425CAEEC300FEE875 /* CICD2UITests.swift */ = {isa = PBXFileReference; lastKnownFileType = sourcecode.swift; path = CICD2UITests.swift; sourceTree = "<group>"; };
		04EF46C625CAEEC300FEE875 /* Info.plist */ = {isa = PBXFileReference; lastKnownFileType = text.plist.xml; path = Info.plist; sourceTree = "<group>"; };
/* End PBXFileReference section */

/* Begin PBXFrameworksBuildPhase section */
		04EF469C25CAEEC200FEE875 /* Frameworks */ = {
			isa = PBXFrameworksBuildPhase;
			buildActionMask = 2147483647;
			files = (
			);
			runOnlyForDeploymentPostprocessing = 0;
		};
		04EF46B225CAEEC300FEE875 /* Frameworks */ = {
			isa = PBXFrameworksBuildPhase;
			buildActionMask = 2147483647;
			files = (
			);
			runOnlyForDeploymentPostprocessing = 0;
		};
		04EF46BD25CAEEC300FEE875 /* Frameworks */ = {
			isa = PBXFrameworksBuildPhase;
			buildActionMask = 2147483647;
			files = (
			);
			runOnlyForDeploymentPostprocessing = 0;
		};
/* End PBXFrameworksBuildPhase section */

/* Begin PBXGroup section */
		04EF469625CAEEC200FEE875 = {
			isa = PBXGroup;
			children = (
				04EF46A125CAEEC200FEE875 /* CICD2 */,
				04EF46B825CAEEC300FEE875 /* CICD2Tests */,
				04EF46C325CAEEC300FEE875 /* CICD2UITests */,
				04EF46A025CAEEC200FEE875 /* Products */,
			);
			sourceTree = "<group>";
		};
		04EF46A025CAEEC200FEE875 /* Products */ = {
			isa = PBXGroup;
			children = (
				04EF469F25CAEEC200FEE875 /* CICD2.app */,
				04EF46B525CAEEC300FEE875 /* CICD2Tests.xctest */,
				04EF46C025CAEEC300FEE875 /* CICD2UITests.xctest */,
			);
			name = Products;
			sourceTree = "<group>";
		};
		04EF46A125CAEEC200FEE875 /* CICD2 */ = {
			isa = PBXGroup;
			children = (
				04EF46A225CAEEC200FEE875 /* AppDelegate.swift */,
				04EF46A425CAEEC200FEE875 /* SceneDelegate.swift */,
				04EF46A625CAEEC200FEE875 /* ViewController.swift */,
				04EF46A825CAEEC200FEE875 /* Main.storyboard */,
				04EF46AB25CAEEC300FEE875 /* Assets.xcassets */,
				04EF46AD25CAEEC300FEE875 /* LaunchScreen.storyboard */,
				04EF46B025CAEEC300FEE875 /* Info.plist */,
			);
			path = CICD2;
			sourceTree = "<group>";
		};
		04EF46B825CAEEC300FEE875 /* CICD2Tests */ = {
			isa = PBXGroup;
			children = (
				04EF46B925CAEEC300FEE875 /* CICD2Tests.swift */,
				04EF46BB25CAEEC300FEE875 /* Info.plist */,
			);
			path = CICD2Tests;
			sourceTree = "<group>";
		};
		04EF46C325CAEEC300FEE875 /* CICD2UITests */ = {
			isa = PBXGroup;
			children = (
				04EF46C425CAEEC300FEE875 /* CICD2UITests.swift */,
				04EF46C625CAEEC300FEE875 /* Info.plist */,
			);
			path = CICD2UITests;
			sourceTree = "<group>";
		};
/* End PBXGroup section */

/* Begin PBXNativeTarget section */
		04EF469E25CAEEC200FEE875 /* CICD2 */ = {
			isa = PBXNativeTarget;
			buildConfigurationList = 04EF46C925CAEEC300FEE875 /* Build configuration list for PBXNativeTarget "CICD2" */;
			buildPhases = (
				04EF469B25CAEEC200FEE875 /* Sources */,
				04EF469C25CAEEC200FEE875 /* Frameworks */,
				04EF469D25CAEEC200FEE875 /* Resources */,
			);
			buildRules = (
			);
			dependencies = (
			);
			name = CICD2;
			productName = CICD2;
			productReference = 04EF469F25CAEEC200FEE875 /* CICD2.app */;
			productType = "com.apple.product-type.application";
		};
		04EF46B425CAEEC300FEE875 /* CICD2Tests */ = {
			isa = PBXNativeTarget;
			buildConfigurationList = 04EF46CC25CAEEC300FEE875 /* Build configuration list for PBXNativeTarget "CICD2Tests" */;
			buildPhases = (
				04EF46B125CAEEC300FEE875 /* Sources */,
				04EF46B225CAEEC300FEE875 /* Frameworks */,
				04EF46B325CAEEC300FEE875 /* Resources */,
			);
			buildRules = (
			);
			dependencies = (
				04EF46B725CAEEC300FEE875 /* PBXTargetDependency */,
			);
			name = CICD2Tests;
			productName = CICD2Tests;
			productReference = 04EF46B525CAEEC300FEE875 /* CICD2Tests.xctest */;
			productType = "com.apple.product-type.bundle.unit-test";
		};
		04EF46BF25CAEEC300FEE875 /* CICD2UITests */ = {
			isa = PBXNativeTarget;
			buildConfigurationList = 04EF46CF25CAEEC300FEE875 /* Build configuration list for PBXNativeTarget "CICD2UITests" */;
			buildPhases = (
				04EF46BC25CAEEC300FEE875 /* Sources */,
				04EF46BD25CAEEC300FEE875 /* Frameworks */,
				04EF46BE25CAEEC300FEE875 /* Resources */,
			);
			buildRules = (
			);
			dependencies = (
				04EF46C225CAEEC300FEE875 /* PBXTargetDependency */,
			);
			name = CICD2UITests;
			productName = CICD2UITests;
			productReference = 04EF46C025CAEEC300FEE875 /* CICD2UITests.xctest */;
			productType = "com.apple.product-type.bundle.ui-testing";
		};
/* End PBXNativeTarget section */

/* Begin PBXProject section */
		04EF469725CAEEC200FEE875 /* Project object */ = {
			isa = PBXProject;
			attributes = {
				LastSwiftUpdateCheck = 1240;
				LastUpgradeCheck = 1240;
				TargetAttributes = {
					04EF469E25CAEEC200FEE875 = {
						CreatedOnToolsVersion = 12.4;
					};
					04EF46B425CAEEC300FEE875 = {
						CreatedOnToolsVersion = 12.4;
						TestTargetID = 04EF469E25CAEEC200FEE875;
					};
					04EF46BF25CAEEC300FEE875 = {
						CreatedOnToolsVersion = 12.4;
						TestTargetID = 04EF469E25CAEEC200FEE875;
					};
				};
			};
			buildConfigurationList = 04EF469A25CAEEC200FEE875 /* Build configuration list for PBXProject "CICD2" */;
			compatibilityVersion = "Xcode 9.3";
			developmentRegion = en;
			hasScannedForEncodings = 0;
			knownRegions = (
				en,
				Base,
			);
			mainGroup = 04EF469625CAEEC200FEE875;
			productRefGroup = 04EF46A025CAEEC200FEE875 /* Products */;
			projectDirPath = "";
			projectRoot = "";
			targets = (
				04EF469E25CAEEC200FEE875 /* CICD2 */,
				04EF46B425CAEEC300FEE875 /* CICD2Tests */,
				04EF46BF25CAEEC300FEE875 /* CICD2UITests */,
			);
		};
/* End PBXProject section */

/* Begin PBXResourcesBuildPhase section */
		04EF469D25CAEEC200FEE875 /* Resources */ = {
			isa = PBXResourcesBuildPhase;
			buildActionMask = 2147483647;
			files = (
				04EF46AF25CAEEC300FEE875 /* LaunchScreen.storyboard in Resources */,
				04EF46AC25CAEEC300FEE875 /* Assets.xcassets in Resources */,
				04EF46AA25CAEEC200FEE875 /* Main.storyboard in Resources */,
			);
			runOnlyForDeploymentPostprocessing = 0;
		};
		04EF46B325CAEEC300FEE875 /* Resources */ = {
			isa = PBXResourcesBuildPhase;
			buildActionMask = 2147483647;
			files = (
			);
			runOnlyForDeploymentPostprocessing = 0;
		};
		04EF46BE25CAEEC300FEE875 /* Resources */ = {
			isa = PBXResourcesBuildPhase;
			buildActionMask = 2147483647;
			files = (
			);
			runOnlyForDeploymentPostprocessing = 0;
		};
/* End PBXResourcesBuildPhase section */

/* Begin PBXSourcesBuildPhase section */
		04EF469B25CAEEC200FEE875 /* Sources */ = {
			isa = PBXSourcesBuildPhase;
			buildActionMask = 2147483647;
			files = (
				04EF46A725CAEEC200FEE875 /* ViewController.swift in Sources */,
				04EF46A325CAEEC200FEE875 /* AppDelegate.swift in Sources */,
				04EF46A525CAEEC200FEE875 /* SceneDelegate.swift in Sources */,
			);
			runOnlyForDeploymentPostprocessing = 0;
		};
		04EF46B125CAEEC300FEE875 /* Sources */ = {
			isa = PBXSourcesBuildPhase;
			buildActionMask = 2147483647;
			files = (
				04EF46BA25CAEEC300FEE875 /* CICD2Tests.swift in Sources */,
			);
			runOnlyForDeploymentPostprocessing = 0;
		};
		04EF46BC25CAEEC300FEE875 /* Sources */ = {
			isa = PBXSourcesBuildPhase;
			buildActionMask = 2147483647;
			files = (
				04EF46C525CAEEC300FEE875 /* CICD2UITests.swift in Sources */,
			);
			runOnlyForDeploymentPostprocessing = 0;
		};
/* End PBXSourcesBuildPhase section */

/* Begin PBXTargetDependency section */
		04EF46B725CAEEC300FEE875 /* PBXTargetDependency */ = {
			isa = PBXTargetDependency;
			target = 04EF469E25CAEEC200FEE875 /* CICD2 */;
			targetProxy = 04EF46B625CAEEC300FEE875 /* PBXContainerItemProxy */;
		};
		04EF46C225CAEEC300FEE875 /* PBXTargetDependency */ = {
			isa = PBXTargetDependency;
			target = 04EF469E25CAEEC200FEE875 /* CICD2 */;
			targetProxy = 04EF46C125CAEEC300FEE875 /* PBXContainerItemProxy */;
		};
/* End PBXTargetDependency section */

/* Begin PBXVariantGroup section */
		04EF46A825CAEEC200FEE875 /* Main.storyboard */ = {
			isa = PBXVariantGroup;
			children = (
				04EF46A925CAEEC200FEE875 /* Base */,
			);
			name = Main.storyboard;
			sourceTree = "<group>";
		};
		04EF46AD25CAEEC300FEE875 /* LaunchScreen.storyboard */ = {
			isa = PBXVariantGroup;
			children = (
				04EF46AE25CAEEC300FEE875 /* Base */,
			);
			name = LaunchScreen.storyboard;
			sourceTree = "<group>";
		};
/* End PBXVariantGroup section */

/* Begin XCBuildConfiguration section */
		04EF46C725CAEEC300FEE875 /* Debug */ = {
			isa = XCBuildConfiguration;
			buildSettings = {
				ALWAYS_SEARCH_USER_PATHS = NO;
				CLANG_ANALYZER_NONNULL = YES;
				CLANG_ANALYZER_NUMBER_OBJECT_CONVERSION = YES_AGGRESSIVE;
				CLANG_CXX_LANGUAGE_STANDARD = "gnu++14";
				CLANG_CXX_LIBRARY = "libc++";
				CLANG_ENABLE_MODULES = YES;
				CLANG_ENABLE_OBJC_ARC = YES;
				CLANG_ENABLE_OBJC_WEAK = YES;
				CLANG_WARN_BLOCK_CAPTURE_AUTORELEASING = YES;
				CLANG_WARN_BOOL_CONVERSION = YES;
				CLANG_WARN_COMMA = YES;
				CLANG_WARN_CONSTANT_CONVERSION = YES;
				CLANG_WARN_DEPRECATED_OBJC_IMPLEMENTATIONS = YES;
				CLANG_WARN_DIRECT_OBJC_ISA_USAGE = YES_ERROR;
				CLANG_WARN_DOCUMENTATION_COMMENTS = YES;
				CLANG_WARN_EMPTY_BODY = YES;
				CLANG_WARN_ENUM_CONVERSION = YES;
				CLANG_WARN_INFINITE_RECURSION = YES;
				CLANG_WARN_INT_CONVERSION = YES;
				CLANG_WARN_NON_LITERAL_NULL_CONVERSION = YES;
				CLANG_WARN_OBJC_IMPLICIT_RETAIN_SELF = YES;
				CLANG_WARN_OBJC_LITERAL_CONVERSION = YES;
				CLANG_WARN_OBJC_ROOT_CLASS = YES_ERROR;
				CLANG_WARN_QUOTED_INCLUDE_IN_FRAMEWORK_HEADER = YES;
				CLANG_WARN_RANGE_LOOP_ANALYSIS = YES;
				CLANG_WARN_STRICT_PROTOTYPES = YES;
				CLANG_WARN_SUSPICIOUS_MOVE = YES;
				CLANG_WARN_UNGUARDED_AVAILABILITY = YES_AGGRESSIVE;
				CLANG_WARN_UNREACHABLE_CODE = YES;
				CLANG_WARN__DUPLICATE_METHOD_MATCH = YES;
				COPY_PHASE_STRIP = NO;
				DEBUG_INFORMATION_FORMAT = dwarf;
				ENABLE_STRICT_OBJC_MSGSEND = YES;
				ENABLE_TESTABILITY = YES;
				GCC_C_LANGUAGE_STANDARD = gnu11;
				GCC_DYNAMIC_NO_PIC = NO;
				GCC_NO_COMMON_BLOCKS = YES;
				GCC_OPTIMIZATION_LEVEL = 0;
				GCC_PREPROCESSOR_DEFINITIONS = (
					"DEBUG=1",
					"$(inherited)",
				);
				GCC_WARN_64_TO_32_BIT_CONVERSION = YES;
				GCC_WARN_ABOUT_RETURN_TYPE = YES_ERROR;
				GCC_WARN_UNDECLARED_SELECTOR = YES;
				GCC_WARN_UNINITIALIZED_AUTOS = YES_AGGRESSIVE;
				GCC_WARN_UNUSED_FUNCTION = YES;
				GCC_WARN_UNUSED_VARIABLE = YES;
				IPHONEOS_DEPLOYMENT_TARGET = 14.4;
				MTL_ENABLE_DEBUG_INFO = INCLUDE_SOURCE;
				MTL_FAST_MATH = YES;
				ONLY_ACTIVE_ARCH = YES;
				SDKROOT = iphoneos;
				SWIFT_ACTIVE_COMPILATION_CONDITIONS = DEBUG;
				SWIFT_OPTIMIZATION_LEVEL = "-Onone";
			};
			name = Debug;
		};
		04EF46C825CAEEC300FEE875 /* Release */ = {
			isa = XCBuildConfiguration;
			buildSettings = {
				ALWAYS_SEARCH_USER_PATHS = NO;
				CLANG_ANALYZER_NONNULL = YES;
				CLANG_ANALYZER_NUMBER_OBJECT_CONVERSION = YES_AGGRESSIVE;
				CLANG_CXX_LANGUAGE_STANDARD = "gnu++14";
				CLANG_CXX_LIBRARY = "libc++";
				CLANG_ENABLE_MODULES = YES;
				CLANG_ENABLE_OBJC_ARC = YES;
				CLANG_ENABLE_OBJC_WEAK = YES;
				CLANG_WARN_BLOCK_CAPTURE_AUTORELEASING = YES;
				CLANG_WARN_BOOL_CONVERSION = YES;
				CLANG_WARN_COMMA = YES;
				CLANG_WARN_CONSTANT_CONVERSION = YES;
				CLANG_WARN_DEPRECATED_OBJC_IMPLEMENTATIONS = YES;
				CLANG_WARN_DIRECT_OBJC_ISA_USAGE = YES_ERROR;
				CLANG_WARN_DOCUMENTATION_COMMENTS = YES;
				CLANG_WARN_EMPTY_BODY = YES;
				CLANG_WARN_ENUM_CONVERSION = YES;
				CLANG_WARN_INFINITE_RECURSION = YES;
				CLANG_WARN_INT_CONVERSION = YES;
				CLANG_WARN_NON_LITERAL_NULL_CONVERSION = YES;
				CLANG_WARN_OBJC_IMPLICIT_RETAIN_SELF = YES;
				CLANG_WARN_OBJC_LITERAL_CONVERSION = YES;
				CLANG_WARN_OBJC_ROOT_CLASS = YES_ERROR;
				CLANG_WARN_QUOTED_INCLUDE_IN_FRAMEWORK_HEADER = YES;
				CLANG_WARN_RANGE_LOOP_ANALYSIS = YES;
				CLANG_WARN_STRICT_PROTOTYPES = YES;
				CLANG_WARN_SUSPICIOUS_MOVE = YES;
				CLANG_WARN_UNGUARDED_AVAILABILITY = YES_AGGRESSIVE;
				CLANG_WARN_UNREACHABLE_CODE = YES;
				CLANG_WARN__DUPLICATE_METHOD_MATCH = YES;
				COPY_PHASE_STRIP = NO;
				DEBUG_INFORMATION_FORMAT = "dwarf-with-dsym";
				ENABLE_NS_ASSERTIONS = NO;
				ENABLE_STRICT_OBJC_MSGSEND = YES;
				GCC_C_LANGUAGE_STANDARD = gnu11;
				GCC_NO_COMMON_BLOCKS = YES;
				GCC_WARN_64_TO_32_BIT_CONVERSION = YES;
				GCC_WARN_ABOUT_RETURN_TYPE = YES_ERROR;
				GCC_WARN_UNDECLARED_SELECTOR = YES;
				GCC_WARN_UNINITIALIZED_AUTOS = YES_AGGRESSIVE;
				GCC_WARN_UNUSED_FUNCTION = YES;
				GCC_WARN_UNUSED_VARIABLE = YES;
				IPHONEOS_DEPLOYMENT_TARGET = 14.4;
				MTL_ENABLE_DEBUG_INFO = NO;
				MTL_FAST_MATH = YES;
				SDKROOT = iphoneos;
				SWIFT_COMPILATION_MODE = wholemodule;
				SWIFT_OPTIMIZATION_LEVEL = "-O";
				VALIDATE_PRODUCT = YES;
			};
			name = Release;
		};
		04EF46CA25CAEEC300FEE875 /* Debug */ = {
			isa = XCBuildConfiguration;
			buildSettings = {
				ASSETCATALOG_COMPILER_APPICON_NAME = AppIcon;
				ASSETCATALOG_COMPILER_GLOBAL_ACCENT_COLOR_NAME = AccentColor;
				CODE_SIGN_STYLE = Automatic;
				DEVELOPMENT_TEAM = K2TWK9B748;
				INFOPLIST_FILE = CICD2/Info.plist;
				LD_RUNPATH_SEARCH_PATHS = (
					"$(inherited)",
					"@executable_path/Frameworks",
				);
				PRODUCT_BUNDLE_IDENTIFIER = com.AmrsTests.test.CICD2;
				PRODUCT_NAME = "$(TARGET_NAME)";
				SWIFT_VERSION = 5.0;
				TARGETED_DEVICE_FAMILY = "1,2";
			};
			name = Debug;
		};
		04EF46CB25CAEEC300FEE875 /* Release */ = {
			isa = XCBuildConfiguration;
			buildSettings = {
				ASSETCATALOG_COMPILER_APPICON_NAME = AppIcon;
				ASSETCATALOG_COMPILER_GLOBAL_ACCENT_COLOR_NAME = AccentColor;
				CODE_SIGN_STYLE = Automatic;
				DEVELOPMENT_TEAM = K2TWK9B748;
				INFOPLIST_FILE = CICD2/Info.plist;
				LD_RUNPATH_SEARCH_PATHS = (
					"$(inherited)",
					"@executable_path/Frameworks",
				);
				PRODUCT_BUNDLE_IDENTIFIER = com.AmrsTests.test.CICD2;
				PRODUCT_NAME = "$(TARGET_NAME)";
				SWIFT_VERSION = 5.0;
				TARGETED_DEVICE_FAMILY = "1,2";
			};
			name = Release;
		};
		04EF46CD25CAEEC300FEE875 /* Debug */ = {
			isa = XCBuildConfiguration;
			buildSettings = {
				ALWAYS_EMBED_SWIFT_STANDARD_LIBRARIES = YES;
				BUNDLE_LOADER = "$(TEST_HOST)";
				CODE_SIGN_STYLE = Automatic;
				DEVELOPMENT_TEAM = K2TWK9B748;
				INFOPLIST_FILE = CICD2Tests/Info.plist;
				IPHONEOS_DEPLOYMENT_TARGET = 14.4;
				LD_RUNPATH_SEARCH_PATHS = (
					"$(inherited)",
					"@executable_path/Frameworks",
					"@loader_path/Frameworks",
				);
				PRODUCT_BUNDLE_IDENTIFIER = com.AmrsTests.test.CICD2Tests;
				PRODUCT_NAME = "$(TARGET_NAME)";
				SWIFT_VERSION = 5.0;
				TARGETED_DEVICE_FAMILY = "1,2";
				TEST_HOST = "$(BUILT_PRODUCTS_DIR)/CICD2.app/CICD2";
			};
			name = Debug;
		};
		04EF46CE25CAEEC300FEE875 /* Release */ = {
			isa = XCBuildConfiguration;
			buildSettings = {
				ALWAYS_EMBED_SWIFT_STANDARD_LIBRARIES = YES;
				BUNDLE_LOADER = "$(TEST_HOST)";
				CODE_SIGN_STYLE = Automatic;
				DEVELOPMENT_TEAM = K2TWK9B748;
				INFOPLIST_FILE = CICD2Tests/Info.plist;
				IPHONEOS_DEPLOYMENT_TARGET = 14.4;
				LD_RUNPATH_SEARCH_PATHS = (
					"$(inherited)",
					"@executable_path/Frameworks",
					"@loader_path/Frameworks",
				);
				PRODUCT_BUNDLE_IDENTIFIER = com.AmrsTests.test.CICD2Tests;
				PRODUCT_NAME = "$(TARGET_NAME)";
				SWIFT_VERSION = 5.0;
				TARGETED_DEVICE_FAMILY = "1,2";
				TEST_HOST = "$(BUILT_PRODUCTS_DIR)/CICD2.app/CICD2";
			};
			name = Release;
		};
		04EF46D025CAEEC300FEE875 /* Debug */ = {
			isa = XCBuildConfiguration;
			buildSettings = {
				ALWAYS_EMBED_SWIFT_STANDARD_LIBRARIES = YES;
				CODE_SIGN_STYLE = Automatic;
				DEVELOPMENT_TEAM = K2TWK9B748;
				INFOPLIST_FILE = CICD2UITests/Info.plist;
				LD_RUNPATH_SEARCH_PATHS = (
					"$(inherited)",
					"@executable_path/Frameworks",
					"@loader_path/Frameworks",
				);
				PRODUCT_BUNDLE_IDENTIFIER = com.AmrsTests.test.CICD2UITests;
				PRODUCT_NAME = "$(TARGET_NAME)";
				SWIFT_VERSION = 5.0;
				TARGETED_DEVICE_FAMILY = "1,2";
				TEST_TARGET_NAME = CICD2;
			};
			name = Debug;
		};
		04EF46D125CAEEC300FEE875 /* Release */ = {
			isa = XCBuildConfiguration;
			buildSettings = {
				ALWAYS_EMBED_SWIFT_STANDARD_LIBRARIES = YES;
				CODE_SIGN_STYLE = Automatic;
				DEVELOPMENT_TEAM = K2TWK9B748;
				INFOPLIST_FILE = CICD2UITests/Info.plist;
				LD_RUNPATH_SEARCH_PATHS = (
					"$(inherited)",
					"@executable_path/Frameworks",
					"@loader_path/Frameworks",
				);
				PRODUCT_BUNDLE_IDENTIFIER = com.AmrsTests.test.CICD2UITests;
				PRODUCT_NAME = "$(TARGET_NAME)";
				SWIFT_VERSION = 5.0;
				TARGETED_DEVICE_FAMILY = "1,2";
				TEST_TARGET_NAME = CICD2;
			};
			name = Release;
		};
/* End XCBuildConfiguration section */

/* Begin XCConfigurationList section */
		04EF469A25CAEEC200FEE875 /* Build configuration list for PBXProject "CICD2" */ = {
			isa = XCConfigurationList;
			buildConfigurations = (
				04EF46C725CAEEC300FEE875 /* Debug */,
				04EF46C825CAEEC300FEE875 /* Release */,
			);
			defaultConfigurationIsVisible = 0;
			defaultConfigurationName = Release;
		};
		04EF46C925CAEEC300FEE875 /* Build configuration list for PBXNativeTarget "CICD2" */ = {
			isa = XCConfigurationList;
			buildConfigurations = (
				04EF46CA25CAEEC300FEE875 /* Debug */,
				04EF46CB25CAEEC300FEE875 /* Release */,
			);
			defaultConfigurationIsVisible = 0;
			defaultConfigurationName = Release;
		};
		04EF46CC25CAEEC300FEE875 /* Build configuration list for PBXNativeTarget "CICD2Tests" */ = {
			isa = XCConfigurationList;
			buildConfigurations = (
				04EF46CD25CAEEC300FEE875 /* Debug */,
				04EF46CE25CAEEC300FEE875 /* Release */,
			);
			defaultConfigurationIsVisible = 0;
			defaultConfigurationName = Release;
		};
		04EF46CF25CAEEC300FEE875 /* Build configuration list for PBXNativeTarget "CICD2UITests" */ = {
			isa = XCConfigurationList;
			buildConfigurations = (
				04EF46D025CAEEC300FEE875 /* Debug */,
				04EF46D125CAEEC300FEE875 /* Release */,
			);
			defaultConfigurationIsVisible = 0;
			defaultConfigurationName = Release;
		};
/* End XCConfigurationList section */
	};
	rootObject = 04EF469725CAEEC200FEE875 /* Project object */;
}
